
Microsoft Visual Studio Solution File, Format Version 12.00
# Visual Studio Version 16
VisualStudioVersion = 16.0.29709.97
MinimumVisualStudioVersion = 10.0.40219.1
Project("{FAE04EC0-301F-11D3-BF4B-00C04F79EFBC}") = "PieceOfCake", "PieceOfCake\PieceOfCake.csproj", "{6384CE52-ABBE-47EE-A598-BB8A8C7FE705}"
EndProject
Global
	GlobalSection(SolutionConfigurationPlatforms) = preSolution
		Debug|Any CPU = Debug|Any CPU
		Release|Any CPU = Release|Any CPU
	EndGlobalSection
	GlobalSection(ProjectConfigurationPlatforms) = postSolution
		{6384CE52-ABBE-47EE-A598-BB8A8C7FE705}.Debug|Any CPU.ActiveCfg = Debug|Any CPU
		{6384CE52-ABBE-47EE-A598-BB8A8C7FE705}.Debug|Any CPU.Build.0 = Debug|Any CPU
		{6384CE52-ABBE-47EE-A598-BB8A8C7FE705}.Release|Any CPU.ActiveCfg = Release|Any CPU
		{6384CE52-ABBE-47EE-A598-BB8A8C7FE705}.Release|Any CPU.Build.0 = Release|Any CPU
	EndGlobalSection
	GlobalSection(SolutionProperties) = preSolution
		HideSolutionNode = FALSE
	EndGlobalSection
	GlobalSection(ExtensibilityGlobals) = postSolution
		SolutionGuid = {0EAEF4B4-5A08-4158-B1B2-474FFB09D6F3}
	EndGlobalSection
EndGlobal
